
Microsoft Visual Studio Solution File, Format Version 12.00
# Visual Studio 15
VisualStudioVersion = 15.0.27428.2037
MinimumVisualStudioVersion = 10.0.40219.1
Project("{FAE04EC0-301F-11D3-BF4B-00C04F79EFBC}") = "QLTiemNet", "QLTiemNet\QLTiemNet.csproj", "{3C133F03-4453-4D58-AFB8-8DED63E37DCC}"
EndProject
Global
	GlobalSection(SolutionConfigurationPlatforms) = preSolution
		Debug|Any CPU = Debug|Any CPU
		Release|Any CPU = Release|Any CPU
	EndGlobalSection
	GlobalSection(ProjectConfigurationPlatforms) = postSolution
		{3C133F03-4453-4D58-AFB8-8DED63E37DCC}.Debug|Any CPU.ActiveCfg = Debug|Any CPU
		{3C133F03-4453-4D58-AFB8-8DED63E37DCC}.Debug|Any CPU.Build.0 = Debug|Any CPU
		{3C133F03-4453-4D58-AFB8-8DED63E37DCC}.Release|Any CPU.ActiveCfg = Release|Any CPU
		{3C133F03-4453-4D58-AFB8-8DED63E37DCC}.Release|Any CPU.Build.0 = Release|Any CPU
	EndGlobalSection
	GlobalSection(SolutionProperties) = preSolution
		HideSolutionNode = FALSE
	EndGlobalSection
	GlobalSection(ExtensibilityGlobals) = postSolution
		SolutionGuid = {051FC619-5E17-47C4-9C4D-721FD6334DBA}
	EndGlobalSection
EndGlobal
